
Microsoft Visual Studio Solution File, Format Version 12.00
# Visual Studio Version 16
VisualStudioVersion = 16.0.30523.141
MinimumVisualStudioVersion = 10.0.40219.1
Project("{9A19103F-16F7-4668-BE54-9A1E7A4F7556}") = "WinInsolGenerator", "WinInsolGenerator\WinInsolGenerator.csproj", "{F810FD05-CC8A-49D0-9949-C85FFA9FBCF4}"
EndProject
Project("{FAE04EC0-301F-11D3-BF4B-00C04F79EFBC}") = "WinInsolNUnitTests", "WinInsolNUnitTests\WinInsolNUnitTests.csproj", "{085CF21C-ACBC-4104-9B41-6E58FD648992}"
EndProject
Global
	GlobalSection(SolutionConfigurationPlatforms) = preSolution
		Debug|Any CPU = Debug|Any CPU
		Release|Any CPU = Release|Any CPU
	EndGlobalSection
	GlobalSection(ProjectConfigurationPlatforms) = postSolution
		{F810FD05-CC8A-49D0-9949-C85FFA9FBCF4}.Debug|Any CPU.ActiveCfg = Debug|Any CPU
		{F810FD05-CC8A-49D0-9949-C85FFA9FBCF4}.Debug|Any CPU.Build.0 = Debug|Any CPU
		{F810FD05-CC8A-49D0-9949-C85FFA9FBCF4}.Release|Any CPU.ActiveCfg = Release|Any CPU
		{F810FD05-CC8A-49D0-9949-C85FFA9FBCF4}.Release|Any CPU.Build.0 = Release|Any CPU
		{085CF21C-ACBC-4104-9B41-6E58FD648992}.Debug|Any CPU.ActiveCfg = Debug|Any CPU
		{085CF21C-ACBC-4104-9B41-6E58FD648992}.Debug|Any CPU.Build.0 = Debug|Any CPU
		{085CF21C-ACBC-4104-9B41-6E58FD648992}.Release|Any CPU.ActiveCfg = Release|Any CPU
		{085CF21C-ACBC-4104-9B41-6E58FD648992}.Release|Any CPU.Build.0 = Release|Any CPU
	EndGlobalSection
	GlobalSection(SolutionProperties) = preSolution
		HideSolutionNode = FALSE
	EndGlobalSection
	GlobalSection(ExtensibilityGlobals) = postSolution
		SolutionGuid = {7B13C33B-F92B-4F59-964B-C93290FD29BD}
	EndGlobalSection
EndGlobal
